
Microsoft Visual Studio Solution File, Format Version 12.00
# Visual Studio Version 16
VisualStudioVersion = 16.0.30320.27
MinimumVisualStudioVersion = 10.0.40219.1
Project("{FAE04EC0-301F-11D3-BF4B-00C04F79EFBC}") = "Discovery.Android", "Discovery.Android\Discovery.Android.csproj", "{AA8BBB9A-AFDE-4AD1-B725-BC8377DD9D0F}"
EndProject
Project("{FAE04EC0-301F-11D3-BF4B-00C04F79EFBC}") = "Discovery", "Discovery\Discovery.csproj", "{C072F1C2-4EB1-4C29-90A3-CDF9294C622F}"
EndProject
Project("{9A19103F-16F7-4668-BE54-9A1E7A4F7556}") = "Plugin.BluetoothLE", "..\..\src\Plugin.BluetoothLE\Plugin.BluetoothLE.csproj", "{6184E5B0-F3CA-4FD8-8612-8D169C9D9713}"
EndProject
Project("{FAE04EC0-301F-11D3-BF4B-00C04F79EFBC}") = "Plugin.BluetoothLE.Android", "..\..\src\Plugin.BluetoothLE.Android\Plugin.BluetoothLE.Android.csproj", "{2D479F47-8034-4A83-8ED9-FCCC32FF9892}"
EndProject
Global
	GlobalSection(SolutionConfigurationPlatforms) = preSolution
		Debug|Any CPU = Debug|Any CPU
		Release|Any CPU = Release|Any CPU
	EndGlobalSection
	GlobalSection(ProjectConfigurationPlatforms) = postSolution
		{AA8BBB9A-AFDE-4AD1-B725-BC8377DD9D0F}.Debug|Any CPU.ActiveCfg = Debug|Any CPU
		{AA8BBB9A-AFDE-4AD1-B725-BC8377DD9D0F}.Debug|Any CPU.Build.0 = Debug|Any CPU
		{AA8BBB9A-AFDE-4AD1-B725-BC8377DD9D0F}.Debug|Any CPU.Deploy.0 = Debug|Any CPU
		{AA8BBB9A-AFDE-4AD1-B725-BC8377DD9D0F}.Release|Any CPU.ActiveCfg = Release|Any CPU
		{AA8BBB9A-AFDE-4AD1-B725-BC8377DD9D0F}.Release|Any CPU.Build.0 = Release|Any CPU
		{AA8BBB9A-AFDE-4AD1-B725-BC8377DD9D0F}.Release|Any CPU.Deploy.0 = Release|Any CPU
		{C072F1C2-4EB1-4C29-90A3-CDF9294C622F}.Debug|Any CPU.ActiveCfg = Debug|Any CPU
		{C072F1C2-4EB1-4C29-90A3-CDF9294C622F}.Debug|Any CPU.Build.0 = Debug|Any CPU
		{C072F1C2-4EB1-4C29-90A3-CDF9294C622F}.Debug|Any CPU.Deploy.0 = Debug|Any CPU
		{C072F1C2-4EB1-4C29-90A3-CDF9294C622F}.Release|Any CPU.ActiveCfg = Release|Any CPU
		{C072F1C2-4EB1-4C29-90A3-CDF9294C622F}.Release|Any CPU.Build.0 = Release|Any CPU
		{C072F1C2-4EB1-4C29-90A3-CDF9294C622F}.Release|Any CPU.Deploy.0 = Release|Any CPU
		{6184E5B0-F3CA-4FD8-8612-8D169C9D9713}.Debug|Any CPU.ActiveCfg = Debug|Any CPU
		{6184E5B0-F3CA-4FD8-8612-8D169C9D9713}.Debug|Any CPU.Build.0 = Debug|Any CPU
		{6184E5B0-F3CA-4FD8-8612-8D169C9D9713}.Release|Any CPU.ActiveCfg = Release|Any CPU
		{6184E5B0-F3CA-4FD8-8612-8D169C9D9713}.Release|Any CPU.Build.0 = Release|Any CPU
		{2D479F47-8034-4A83-8ED9-FCCC32FF9892}.Debug|Any CPU.ActiveCfg = Debug|Any CPU
		{2D479F47-8034-4A83-8ED9-FCCC32FF9892}.Debug|Any CPU.Build.0 = Debug|Any CPU
		{2D479F47-8034-4A83-8ED9-FCCC32FF9892}.Debug|Any CPU.Deploy.0 = Debug|Any CPU
		{2D479F47-8034-4A83-8ED9-FCCC32FF9892}.Release|Any CPU.ActiveCfg = Release|Any CPU
		{2D479F47-8034-4A83-8ED9-FCCC32FF9892}.Release|Any CPU.Build.0 = Release|Any CPU
		{2D479F47-8034-4A83-8ED9-FCCC32FF9892}.Release|Any CPU.Deploy.0 = Release|Any CPU
	EndGlobalSection
	GlobalSection(SolutionProperties) = preSolution
		HideSolutionNode = FALSE
	EndGlobalSection
	GlobalSection(ExtensibilityGlobals) = postSolution
		SolutionGuid = {0F0F4D2D-1D43-4D1C-B097-F6145CEDE2AF}
	EndGlobalSection
EndGlobal
